// !$*UTF8*$!
{
	archiveVersion = 1;
	classes = {
	};
	objectVersion = 46;
	objects = {

/* Begin PBXBuildFile section */
		494460411A0AE30F005E0766 /* main.m in Sources */ = {isa = PBXBuildFile; fileRef = 494460401A0AE30F005E0766 /* main.m */; };
		494460441A0AE30F005E0766 /* AppDelegate.m in Sources */ = {isa = PBXBuildFile; fileRef = 494460431A0AE30F005E0766 /* AppDelegate.m */; };
		494460471A0AE30F005E0766 /* RootViewController.m in Sources */ = {isa = PBXBuildFile; fileRef = 494460461A0AE30F005E0766 /* RootViewController.m */; };
		4944604A1A0AE30F005E0766 /* Main.storyboard in Resources */ = {isa = PBXBuildFile; fileRef = 494460481A0AE30F005E0766 /* Main.storyboard */; };
		4944604C1A0AE30F005E0766 /* Images.xcassets in Resources */ = {isa = PBXBuildFile; fileRef = 4944604B1A0AE30F005E0766 /* Images.xcassets */; };
		4944604F1A0AE30F005E0766 /* LaunchScreen.xib in Resources */ = {isa = PBXBuildFile; fileRef = 4944604D1A0AE30F005E0766 /* LaunchScreen.xib */; };
		4944605B1A0AE30F005E0766 /* ZaHunterTests.m in Sources */ = {isa = PBXBuildFile; fileRef = 4944605A1A0AE30F005E0766 /* ZaHunterTests.m */; };
		49B5B7D41A0AE9AC003E8538 /* ListViewController.m in Sources */ = {isa = PBXBuildFile; fileRef = 49B5B7D31A0AE9AC003E8538 /* ListViewController.m */; };
		49B5B7D61A0AEB7C003E8538 /* MapKit.framework in Frameworks */ = {isa = PBXBuildFile; fileRef = 49B5B7D51A0AEB7C003E8538 /* MapKit.framework */; };
		49B5B7D81A0AEB81003E8538 /* CloudKit.framework in Frameworks */ = {isa = PBXBuildFile; fileRef = 49B5B7D71A0AEB81003E8538 /* CloudKit.framework */; };
		49B5B8101A0C3830003E8538 /* ALMapItem.m in Sources */ = {isa = PBXBuildFile; fileRef = 49B5B80F1A0C3830003E8538 /* ALMapItem.m */; };
		49EA76501A0ED3300081971F /* MapViewController.m in Sources */ = {isa = PBXBuildFile; fileRef = 49EA764F1A0ED3300081971F /* MapViewController.m */; };
/* End PBXBuildFile section */

/* Begin PBXContainerItemProxy section */
		494460551A0AE30F005E0766 /* PBXContainerItemProxy */ = {
			isa = PBXContainerItemProxy;
			containerPortal = 494460331A0AE30F005E0766 /* Project object */;
			proxyType = 1;
			remoteGlobalIDString = 4944603A1A0AE30F005E0766;
			remoteInfo = ZaHunter;
		};
/* End PBXContainerItemProxy section */

/* Begin PBXFileReference section */
		4944603B1A0AE30F005E0766 /* ZaHunter.app */ = {isa = PBXFileReference; explicitFileType = wrapper.application; includeInIndex = 0; path = ZaHunter.app; sourceTree = BUILT_PRODUCTS_DIR; };
		4944603F1A0AE30F005E0766 /* Info.plist */ = {isa = PBXFileReference; lastKnownFileType = text.plist.xml; path = Info.plist; sourceTree = "<group>"; };
		494460401A0AE30F005E0766 /* main.m */ = {isa = PBXFileReference; lastKnownFileType = sourcecode.c.objc; path = main.m; sourceTree = "<group>"; };
		494460421A0AE30F005E0766 /* AppDelegate.h */ = {isa = PBXFileReference; lastKnownFileType = sourcecode.c.h; path = AppDelegate.h; sourceTree = "<group>"; };
		494460431A0AE30F005E0766 /* AppDelegate.m */ = {isa = PBXFileReference; lastKnownFileType = sourcecode.c.objc; path = AppDelegate.m; sourceTree = "<group>"; };
		494460451A0AE30F005E0766 /* RootViewController.h */ = {isa = PBXFileReference; lastKnownFileType = sourcecode.c.h; path = RootViewController.h; sourceTree = "<group>"; };
		494460461A0AE30F005E0766 /* RootViewController.m */ = {isa = PBXFileReference; lastKnownFileType = sourcecode.c.objc; path = RootViewController.m; sourceTree = "<group>"; };
		494460491A0AE30F005E0766 /* Base */ = {isa = PBXFileReference; lastKnownFileType = file.storyboard; name = Base; path = Base.lproj/Main.storyboard; sourceTree = "<group>"; };
		4944604B1A0AE30F005E0766 /* Images.xcassets */ = {isa = PBXFileReference; lastKnownFileType = folder.assetcatalog; path = Images.xcassets; sourceTree = "<group>"; };
		4944604E1A0AE30F005E0766 /* Base */ = {isa = PBXFileReference; lastKnownFileType = file.xib; name = Base; path = Base.lproj/LaunchScreen.xib; sourceTree = "<group>"; };
		494460541A0AE30F005E0766 /* ZaHunterTests.xctest */ = {isa = PBXFileReference; explicitFileType = wrapper.cfbundle; includeInIndex = 0; path = ZaHunterTests.xctest; sourceTree = BUILT_PRODUCTS_DIR; };
		494460591A0AE30F005E0766 /* Info.plist */ = {isa = PBXFileReference; lastKnownFileType = text.plist.xml; path = Info.plist; sourceTree = "<group>"; };
		4944605A1A0AE30F005E0766 /* ZaHunterTests.m */ = {isa = PBXFileReference; lastKnownFileType = sourcecode.c.objc; path = ZaHunterTests.m; sourceTree = "<group>"; };
		49B5B7D21A0AE9AB003E8538 /* ListViewController.h */ = {isa = PBXFileReference; fileEncoding = 4; lastKnownFileType = sourcecode.c.h; path = ListViewController.h; sourceTree = "<group>"; };
		49B5B7D31A0AE9AC003E8538 /* ListViewController.m */ = {isa = PBXFileReference; fileEncoding = 4; lastKnownFileType = sourcecode.c.objc; path = ListViewController.m; sourceTree = "<group>"; };
		49B5B7D51A0AEB7C003E8538 /* MapKit.framework */ = {isa = PBXFileReference; lastKnownFileType = wrapper.framework; name = MapKit.framework; path = System/Library/Frameworks/MapKit.framework; sourceTree = SDKROOT; };
		49B5B7D71A0AEB81003E8538 /* CloudKit.framework */ = {isa = PBXFileReference; lastKnownFileType = wrapper.framework; name = CloudKit.framework; path = System/Library/Frameworks/CloudKit.framework; sourceTree = SDKROOT; };
		49B5B80E1A0C3830003E8538 /* ALMapItem.h */ = {isa = PBXFileReference; fileEncoding = 4; lastKnownFileType = sourcecode.c.h; path = ALMapItem.h; sourceTree = "<group>"; };
		49B5B80F1A0C3830003E8538 /* ALMapItem.m */ = {isa = PBXFileReference; fileEncoding = 4; lastKnownFileType = sourcecode.c.objc; path = ALMapItem.m; sourceTree = "<group>"; };
		49EA764E1A0ED3300081971F /* MapViewController.h */ = {isa = PBXFileReference; fileEncoding = 4; lastKnownFileType = sourcecode.c.h; path = MapViewController.h; sourceTree = "<group>"; };
		49EA764F1A0ED3300081971F /* MapViewController.m */ = {isa = PBXFileReference; fileEncoding = 4; lastKnownFileType = sourcecode.c.objc; path = MapViewController.m; sourceTree = "<group>"; };
/* End PBXFileReference section */

/* Begin PBXFrameworksBuildPhase section */
		494460381A0AE30F005E0766 /* Frameworks */ = {
			isa = PBXFrameworksBuildPhase;
			buildActionMask = 2147483647;
			files = (
				49B5B7D81A0AEB81003E8538 /* CloudKit.framework in Frameworks */,
				49B5B7D61A0AEB7C003E8538 /* MapKit.framework in Frameworks */,
			);
			runOnlyForDeploymentPostprocessing = 0;
		};
		494460511A0AE30F005E0766 /* Frameworks */ = {
			isa = PBXFrameworksBuildPhase;
			buildActionMask = 2147483647;
			files = (
			);
			runOnlyForDeploymentPostprocessing = 0;
		};
/* End PBXFrameworksBuildPhase section */

/* Begin PBXGroup section */
		494460321A0AE30F005E0766 = {
			isa = PBXGroup;
			children = (
				49B5B7D71A0AEB81003E8538 /* CloudKit.framework */,
				49B5B7D51A0AEB7C003E8538 /* MapKit.framework */,
				4944603D1A0AE30F005E0766 /* ZaHunter */,
				494460571A0AE30F005E0766 /* ZaHunterTests */,
				4944603C1A0AE30F005E0766 /* Products */,
			);
			sourceTree = "<group>";
		};
		4944603C1A0AE30F005E0766 /* Products */ = {
			isa = PBXGroup;
			children = (
				4944603B1A0AE30F005E0766 /* ZaHunter.app */,
				494460541A0AE30F005E0766 /* ZaHunterTests.xctest */,
			);
			name = Products;
			sourceTree = "<group>";
		};
		4944603D1A0AE30F005E0766 /* ZaHunter */ = {
			isa = PBXGroup;
			children = (
				494460421A0AE30F005E0766 /* AppDelegate.h */,
				494460431A0AE30F005E0766 /* AppDelegate.m */,
				494460451A0AE30F005E0766 /* RootViewController.h */,
				494460461A0AE30F005E0766 /* RootViewController.m */,
				49B5B7D21A0AE9AB003E8538 /* ListViewController.h */,
				49B5B7D31A0AE9AC003E8538 /* ListViewController.m */,
				49EA764E1A0ED3300081971F /* MapViewController.h */,
				49EA764F1A0ED3300081971F /* MapViewController.m */,
				494460481A0AE30F005E0766 /* Main.storyboard */,
				49B5B7CE1A0AE6A2003E8538 /* Model */,
				4944604B1A0AE30F005E0766 /* Images.xcassets */,
				4944604D1A0AE30F005E0766 /* LaunchScreen.xib */,
				4944603E1A0AE30F005E0766 /* Supporting Files */,
			);
			path = ZaHunter;
			sourceTree = "<group>";
		};
		4944603E1A0AE30F005E0766 /* Supporting Files */ = {
			isa = PBXGroup;
			children = (
				4944603F1A0AE30F005E0766 /* Info.plist */,
				494460401A0AE30F005E0766 /* main.m */,
			);
			name = "Supporting Files";
			sourceTree = "<group>";
		};
		494460571A0AE30F005E0766 /* ZaHunterTests */ = {
			isa = PBXGroup;
			children = (
				4944605A1A0AE30F005E0766 /* ZaHunterTests.m */,
				494460581A0AE30F005E0766 /* Supporting Files */,
			);
			path = ZaHunterTests;
			sourceTree = "<group>";
		};
		494460581A0AE30F005E0766 /* Supporting Files */ = {
			isa = PBXGroup;
			children = (
				494460591A0AE30F005E0766 /* Info.plist */,
			);
			name = "Supporting Files";
			sourceTree = "<group>";
		};
		49B5B7CE1A0AE6A2003E8538 /* Model */ = {
			isa = PBXGroup;
			children = (
				49B5B80E1A0C3830003E8538 /* ALMapItem.h */,
				49B5B80F1A0C3830003E8538 /* ALMapItem.m */,
			);
			name = Model;
			sourceTree = "<group>";
		};
/* End PBXGroup section */

/* Begin PBXNativeTarget section */
		4944603A1A0AE30F005E0766 /* ZaHunter */ = {
			isa = PBXNativeTarget;
			buildConfigurationList = 4944605E1A0AE30F005E0766 /* Build configuration list for PBXNativeTarget "ZaHunter" */;
			buildPhases = (
				494460371A0AE30F005E0766 /* Sources */,
				494460381A0AE30F005E0766 /* Frameworks */,
				494460391A0AE30F005E0766 /* Resources */,
			);
			buildRules = (
			);
			dependencies = (
			);
			name = ZaHunter;
			productName = ZaHunter;
			productReference = 4944603B1A0AE30F005E0766 /* ZaHunter.app */;
			productType = "com.apple.product-type.application";
		};
		494460531A0AE30F005E0766 /* ZaHunterTests */ = {
			isa = PBXNativeTarget;
			buildConfigurationList = 494460611A0AE30F005E0766 /* Build configuration list for PBXNativeTarget "ZaHunterTests" */;
			buildPhases = (
				494460501A0AE30F005E0766 /* Sources */,
				494460511A0AE30F005E0766 /* Frameworks */,
				494460521A0AE30F005E0766 /* Resources */,
			);
			buildRules = (
			);
			dependencies = (
				494460561A0AE30F005E0766 /* PBXTargetDependency */,
			);
			name = ZaHunterTests;
			productName = ZaHunterTests;
			productReference = 494460541A0AE30F005E0766 /* ZaHunterTests.xctest */;
			productType = "com.apple.product-type.bundle.unit-test";
		};
/* End PBXNativeTarget section */

/* Begin PBXProject section */
		494460331A0AE30F005E0766 /* Project object */ = {
			isa = PBXProject;
			attributes = {
				LastUpgradeCheck = 0600;
				ORGANIZATIONNAME = "Andrew Liu";
				TargetAttributes = {
					4944603A1A0AE30F005E0766 = {
						CreatedOnToolsVersion = 6.0.1;
					};
					494460531A0AE30F005E0766 = {
						CreatedOnToolsVersion = 6.0.1;
						TestTargetID = 4944603A1A0AE30F005E0766;
					};
				};
			};
			buildConfigurationList = 494460361A0AE30F005E0766 /* Build configuration list for PBXProject "ZaHunter" */;
			compatibilityVersion = "Xcode 3.2";
			developmentRegion = English;
			hasScannedForEncodings = 0;
			knownRegions = (
				en,
				Base,
			);
			mainGroup = 494460321A0AE30F005E0766;
			productRefGroup = 4944603C1A0AE30F005E0766 /* Products */;
			projectDirPath = "";
			projectRoot = "";
			targets = (
				4944603A1A0AE30F005E0766 /* ZaHunter */,
				494460531A0AE30F005E0766 /* ZaHunterTests */,
			);
		};
/* End PBXProject section */

/* Begin PBXResourcesBuildPhase section */
		494460391A0AE30F005E0766 /* Resources */ = {
			isa = PBXResourcesBuildPhase;
			buildActionMask = 2147483647;
			files = (
				4944604A1A0AE30F005E0766 /* Main.storyboard in Resources */,
				4944604F1A0AE30F005E0766 /* LaunchScreen.xib in Resources */,
				4944604C1A0AE30F005E0766 /* Images.xcassets in Resources */,
			);
			runOnlyForDeploymentPostprocessing = 0;
		};
		494460521A0AE30F005E0766 /* Resources */ = {
			isa = PBXResourcesBuildPhase;
			buildActionMask = 2147483647;
			files = (
			);
			runOnlyForDeploymentPostprocessing = 0;
		};
/* End PBXResourcesBuildPhase section */

/* Begin PBXSourcesBuildPhase section */
		494460371A0AE30F005E0766 /* Sources */ = {
			isa = PBXSourcesBuildPhase;
			buildActionMask = 2147483647;
			files = (
				49B5B7D41A0AE9AC003E8538 /* ListViewController.m in Sources */,
				494460471A0AE30F005E0766 /* RootViewController.m in Sources */,
				49B5B8101A0C3830003E8538 /* ALMapItem.m in Sources */,
				49EA76501A0ED3300081971F /* MapViewController.m in Sources */,
				494460441A0AE30F005E0766 /* AppDelegate.m in Sources */,
				494460411A0AE30F005E0766 /* main.m in Sources */,
			);
			runOnlyForDeploymentPostprocessing = 0;
		};
		494460501A0AE30F005E0766 /* Sources */ = {
			isa = PBXSourcesBuildPhase;
			buildActionMask = 2147483647;
			files = (
				4944605B1A0AE30F005E0766 /* ZaHunterTests.m in Sources */,
			);
			runOnlyForDeploymentPostprocessing = 0;
		};
/* End PBXSourcesBuildPhase section */

/* Begin PBXTargetDependency section */
		494460561A0AE30F005E0766 /* PBXTargetDependency */ = {
			isa = PBXTargetDependency;
			target = 4944603A1A0AE30F005E0766 /* ZaHunter */;
			targetProxy = 494460551A0AE30F005E0766 /* PBXContainerItemProxy */;
		};
/* End PBXTargetDependency section */

/* Begin PBXVariantGroup section */
		494460481A0AE30F005E0766 /* Main.storyboard */ = {
			isa = PBXVariantGroup;
			children = (
				494460491A0AE30F005E0766 /* Base */,
			);
			name = Main.storyboard;
			sourceTree = "<group>";
		};
		4944604D1A0AE30F005E0766 /* LaunchScreen.xib */ = {
			isa = PBXVariantGroup;
			children = (
				4944604E1A0AE30F005E0766 /* Base */,
			);
			name = LaunchScreen.xib;
			sourceTree = "<group>";
		};
/* End PBXVariantGroup section */

/* Begin XCBuildConfiguration section */
		4944605C1A0AE30F005E0766 /* Debug */ = {
			isa = XCBuildConfiguration;
			buildSettings = {
				ALWAYS_SEARCH_USER_PATHS = NO;
				CLANG_CXX_LANGUAGE_STANDARD = "gnu++0x";
				CLANG_CXX_LIBRARY = "libc++";
				CLANG_ENABLE_MODULES = YES;
				CLANG_ENABLE_OBJC_ARC = YES;
				CLANG_WARN_BOOL_CONVERSION = YES;
				CLANG_WARN_CONSTANT_CONVERSION = YES;
				CLANG_WARN_DIRECT_OBJC_ISA_USAGE = YES_ERROR;
				CLANG_WARN_EMPTY_BODY = YES;
				CLANG_WARN_ENUM_CONVERSION = YES;
				CLANG_WARN_INT_CONVERSION = YES;
				CLANG_WARN_OBJC_ROOT_CLASS = YES_ERROR;
				CLANG_WARN_UNREACHABLE_CODE = YES;
				CLANG_WARN__DUPLICATE_METHOD_MATCH = YES;
				"CODE_SIGN_IDENTITY[sdk=iphoneos*]" = "iPhone Developer";
				COPY_PHASE_STRIP = NO;
				ENABLE_STRICT_OBJC_MSGSEND = YES;
				GCC_C_LANGUAGE_STANDARD = gnu99;
				GCC_DYNAMIC_NO_PIC = NO;
				GCC_OPTIMIZATION_LEVEL = 0;
				GCC_PREPROCESSOR_DEFINITIONS = (
					"DEBUG=1",
					"$(inherited)",
				);
				GCC_SYMBOLS_PRIVATE_EXTERN = NO;
				GCC_WARN_64_TO_32_BIT_CONVERSION = YES;
				GCC_WARN_ABOUT_RETURN_TYPE = YES_ERROR;
				GCC_WARN_UNDECLARED_SELECTOR = YES;
				GCC_WARN_UNINITIALIZED_AUTOS = YES_AGGRESSIVE;
				GCC_WARN_UNUSED_FUNCTION = YES;
				GCC_WARN_UNUSED_VARIABLE = YES;
				IPHONEOS_DEPLOYMENT_TARGET = 8.0;
				MTL_ENABLE_DEBUG_INFO = YES;
				ONLY_ACTIVE_ARCH = YES;
				SDKROOT = iphoneos;
			};
			name = Debug;
		};
		4944605D1A0AE30F005E0766 /* Release */ = {
			isa = XCBuildConfiguration;
			buildSettings = {
				ALWAYS_SEARCH_USER_PATHS = NO;
				CLANG_CXX_LANGUAGE_STANDARD = "gnu++0x";
				CLANG_CXX_LIBRARY = "libc++";
				CLANG_ENABLE_MODULES = YES;
				CLANG_ENABLE_OBJC_ARC = YES;
				CLANG_WARN_BOOL_CONVERSION = YES;
				CLANG_WARN_CONSTANT_CONVERSION = YES;
				CLANG_WARN_DIRECT_OBJC_ISA_USAGE = YES_ERROR;
				CLANG_WARN_EMPTY_BODY = YES;
				CLANG_WARN_ENUM_CONVERSION = YES;
				CLANG_WARN_INT_CONVERSION = YES;
				CLANG_WARN_OBJC_ROOT_CLASS = YES_ERROR;
				CLANG_WARN_UNREACHABLE_CODE = YES;
				CLANG_WARN__DUPLICATE_METHOD_MATCH = YES;
				"CODE_SIGN_IDENTITY[sdk=iphoneos*]" = "iPhone Developer";
				COPY_PHASE_STRIP = YES;
				ENABLE_NS_ASSERTIONS = NO;
				ENABLE_STRICT_OBJC_MSGSEND = YES;
				GCC_C_LANGUAGE_STANDARD = gnu99;
				GCC_WARN_64_TO_32_BIT_CONVERSION = YES;
				GCC_WARN_ABOUT_RETURN_TYPE = YES_ERROR;
				GCC_WARN_UNDECLARED_SELECTOR = YES;
				GCC_WARN_UNINITIALIZED_AUTOS = YES_AGGRESSIVE;
				GCC_WARN_UNUSED_FUNCTION = YES;
				GCC_WARN_UNUSED_VARIABLE = YES;
				IPHONEOS_DEPLOYMENT_TARGET = 8.0;
				MTL_ENABLE_DEBUG_INFO = NO;
				SDKROOT = iphoneos;
				VALIDATE_PRODUCT = YES;
			};
			name = Release;
		};
		4944605F1A0AE30F005E0766 /* Debug */ = {
			isa = XCBuildConfiguration;
			buildSettings = {
				ASSETCATALOG_COMPILER_APPICON_NAME = AppIcon;
				INFOPLIST_FILE = ZaHunter/Info.plist;
				LD_RUNPATH_SEARCH_PATHS = "$(inherited) @executable_path/Frameworks";
				PRODUCT_NAME = "$(TARGET_NAME)";
			};
			name = Debug;
		};
		494460601A0AE30F005E0766 /* Release */ = {
			isa = XCBuildConfiguration;
			buildSettings = {
				ASSETCATALOG_COMPILER_APPICON_NAME = AppIcon;
				INFOPLIST_FILE = ZaHunter/Info.plist;
				LD_RUNPATH_SEARCH_PATHS = "$(inherited) @executable_path/Frameworks";
				PRODUCT_NAME = "$(TARGET_NAME)";
			};
			name = Release;
		};
		494460621A0AE30F005E0766 /* Debug */ = {
			isa = XCBuildConfiguration;
			buildSettings = {
				BUNDLE_LOADER = "$(TEST_HOST)";
				FRAMEWORK_SEARCH_PATHS = (
					"$(SDKROOT)/Developer/Library/Frameworks",
					"$(inherited)",
				);
				GCC_PREPROCESSOR_DEFINITIONS = (
					"DEBUG=1",
					"$(inherited)",
				);
				INFOPLIST_FILE = ZaHunterTests/Info.plist;
				LD_RUNPATH_SEARCH_PATHS = "$(inherited) @executable_path/Frameworks @loader_path/Frameworks";
				PRODUCT_NAME = "$(TARGET_NAME)";
				TEST_HOST = "$(BUILT_PRODUCTS_DIR)/ZaHunter.app/ZaHunter";
			};
			name = Debug;
		};
		494460631A0AE30F005E0766 /* Release */ = {
			isa = XCBuildConfiguration;
			buildSettings = {
				BUNDLE_LOADER = "$(TEST_HOST)";
				FRAMEWORK_SEARCH_PATHS = (
					"$(SDKROOT)/Developer/Library/Frameworks",
					"$(inherited)",
				);
				INFOPLIST_FILE = ZaHunterTests/Info.plist;
				LD_RUNPATH_SEARCH_PATHS = "$(inherited) @executable_path/Frameworks @loader_path/Frameworks";
				PRODUCT_NAME = "$(TARGET_NAME)";
				TEST_HOST = "$(BUILT_PRODUCTS_DIR)/ZaHunter.app/ZaHunter";
			};
			name = Release;
		};
/* End XCBuildConfiguration section */

/* Begin XCConfigurationList section */
		494460361A0AE30F005E0766 /* Build configuration list for PBXProject "ZaHunter" */ = {
			isa = XCConfigurationList;
			buildConfigurations = (
				4944605C1A0AE30F005E0766 /* Debug */,
				4944605D1A0AE30F005E0766 /* Release */,
			);
			defaultConfigurationIsVisible = 0;
			defaultConfigurationName = Release;
		};
		4944605E1A0AE30F005E0766 /* Build configuration list for PBXNativeTarget "ZaHunter" */ = {
			isa = XCConfigurationList;
			buildConfigurations = (
				4944605F1A0AE30F005E0766 /* Debug */,
				494460601A0AE30F005E0766 /* Release */,
			);
			defaultConfigurationIsVisible = 0;
			defaultConfigurationName = Release;
		};
		494460611A0AE30F005E0766 /* Build configuration list for PBXNativeTarget "ZaHunterTests" */ = {
			isa = XCConfigurationList;
			buildConfigurations = (
				494460621A0AE30F005E0766 /* Debug */,
				494460631A0AE30F005E0766 /* Release */,
			);
			defaultConfigurationIsVisible = 0;
			defaultConfigurationName = Release;
		};
/* End XCConfigurationList section */
	};
	rootObject = 494460331A0AE30F005E0766 /* Project object */;
}
